
Microsoft Visual Studio Solution File, Format Version 12.00
# Visual Studio 15
VisualStudioVersion = 15.0.28010.2016
MinimumVisualStudioVersion = 10.0.40219.1
Project("{FAE04EC0-301F-11D3-BF4B-00C04F79EFBC}") = "AzurLaneLive2DExtract", "AzurLaneLive2DExtract\AzurLaneLive2DExtract.csproj", "{FEC68C25-0231-46BC-B7B9-2E2D85EB085E}"
EndProject
Global
	GlobalSection(SolutionConfigurationPlatforms) = preSolution
		Debug|Any CPU = Debug|Any CPU
		Release|Any CPU = Release|Any CPU
	EndGlobalSection
	GlobalSection(ProjectConfigurationPlatforms) = postSolution
		{FEC68C25-0231-46BC-B7B9-2E2D85EB085E}.Debug|Any CPU.ActiveCfg = Debug|Any CPU
		{FEC68C25-0231-46BC-B7B9-2E2D85EB085E}.Debug|Any CPU.Build.0 = Debug|Any CPU
		{FEC68C25-0231-46BC-B7B9-2E2D85EB085E}.Release|Any CPU.ActiveCfg = Release|Any CPU
		{FEC68C25-0231-46BC-B7B9-2E2D85EB085E}.Release|Any CPU.Build.0 = Release|Any CPU
	EndGlobalSection
	GlobalSection(SolutionProperties) = preSolution
		HideSolutionNode = FALSE
	EndGlobalSection
	GlobalSection(ExtensibilityGlobals) = postSolution
		SolutionGuid = {D6204695-C46F-46AA-9E0A-CCA7029EE5C5}
	EndGlobalSection
EndGlobal
